
Microsoft Visual Studio Solution File, Format Version 12.00
# Visual Studio 15
VisualStudioVersion = 15.0.26730.15
MinimumVisualStudioVersion = 10.0.40219.1
Project("{FAE04EC0-301F-11D3-BF4B-00C04F79EFBC}") = "WebApiDummies", "WebApiDummies\WebApiDummies.csproj", "{7A51B166-C447-4558-86AA-0F2931AD680B}"
EndProject
Project("{FAE04EC0-301F-11D3-BF4B-00C04F79EFBC}") = "Tests", "Tests\Tests.csproj", "{26CCB34F-11E1-4296-A9EC-6E0832682B1F}"
EndProject
Global
	GlobalSection(SolutionConfigurationPlatforms) = preSolution
		Debug|Any CPU = Debug|Any CPU
		Release|Any CPU = Release|Any CPU
	EndGlobalSection
	GlobalSection(ProjectConfigurationPlatforms) = postSolution
		{7A51B166-C447-4558-86AA-0F2931AD680B}.Debug|Any CPU.ActiveCfg = Debug|Any CPU
		{7A51B166-C447-4558-86AA-0F2931AD680B}.Debug|Any CPU.Build.0 = Debug|Any CPU
		{7A51B166-C447-4558-86AA-0F2931AD680B}.Release|Any CPU.ActiveCfg = Release|Any CPU
		{7A51B166-C447-4558-86AA-0F2931AD680B}.Release|Any CPU.Build.0 = Release|Any CPU
		{26CCB34F-11E1-4296-A9EC-6E0832682B1F}.Debug|Any CPU.ActiveCfg = Debug|Any CPU
		{26CCB34F-11E1-4296-A9EC-6E0832682B1F}.Debug|Any CPU.Build.0 = Debug|Any CPU
		{26CCB34F-11E1-4296-A9EC-6E0832682B1F}.Release|Any CPU.ActiveCfg = Release|Any CPU
		{26CCB34F-11E1-4296-A9EC-6E0832682B1F}.Release|Any CPU.Build.0 = Release|Any CPU
	EndGlobalSection
	GlobalSection(SolutionProperties) = preSolution
		HideSolutionNode = FALSE
	EndGlobalSection
	GlobalSection(ExtensibilityGlobals) = postSolution
		SolutionGuid = {52A95979-14E9-488E-A2A0-2C12C3BAD93C}
	EndGlobalSection
EndGlobal
